
Microsoft Visual Studio Solution File, Format Version 11.00
# Visual Studio 2010
Project("{FAE04EC0-301F-11D3-BF4B-00C04F79EFBC}") = "SimpleAnimation.ios", "SimpleAnimation.ios\SimpleAnimation.ios.csproj", "{E4996E1C-D77A-41BB-8750-82A4413B5597}"
EndProject
Global
	GlobalSection(SolutionConfigurationPlatforms) = preSolution
		Debug|iPhoneSimulator = Debug|iPhoneSimulator
		Release|iPhoneSimulator = Release|iPhoneSimulator
		Debug|iPhone = Debug|iPhone
		Release|iPhone = Release|iPhone
		Ad-Hoc|iPhone = Ad-Hoc|iPhone
		AppStore|iPhone = AppStore|iPhone
	EndGlobalSection
	GlobalSection(ProjectConfigurationPlatforms) = postSolution
		{E4996E1C-D77A-41BB-8750-82A4413B5597}.Ad-Hoc|iPhone.ActiveCfg = Ad-Hoc|iPhone
		{E4996E1C-D77A-41BB-8750-82A4413B5597}.Ad-Hoc|iPhone.Build.0 = Ad-Hoc|iPhone
		{E4996E1C-D77A-41BB-8750-82A4413B5597}.AppStore|iPhone.ActiveCfg = AppStore|iPhone
		{E4996E1C-D77A-41BB-8750-82A4413B5597}.AppStore|iPhone.Build.0 = AppStore|iPhone
		{E4996E1C-D77A-41BB-8750-82A4413B5597}.Debug|iPhone.ActiveCfg = Debug|iPhone
		{E4996E1C-D77A-41BB-8750-82A4413B5597}.Debug|iPhone.Build.0 = Debug|iPhone
		{E4996E1C-D77A-41BB-8750-82A4413B5597}.Debug|iPhoneSimulator.ActiveCfg = Debug|iPhoneSimulator
		{E4996E1C-D77A-41BB-8750-82A4413B5597}.Debug|iPhoneSimulator.Build.0 = Debug|iPhoneSimulator
		{E4996E1C-D77A-41BB-8750-82A4413B5597}.Release|iPhone.ActiveCfg = Release|iPhone
		{E4996E1C-D77A-41BB-8750-82A4413B5597}.Release|iPhone.Build.0 = Release|iPhone
		{E4996E1C-D77A-41BB-8750-82A4413B5597}.Release|iPhoneSimulator.ActiveCfg = Release|iPhoneSimulator
		{E4996E1C-D77A-41BB-8750-82A4413B5597}.Release|iPhoneSimulator.Build.0 = Release|iPhoneSimulator
	EndGlobalSection
	GlobalSection(MonoDevelopProperties) = preSolution
		StartupItem = SimpleAnimation.ios\SimpleAnimation.ios.csproj
	EndGlobalSection
EndGlobal
